// !$*UTF8*$!
{
	archiveVersion = 1;
	classes = {
	};
	objectVersion = 46;
	objects = {

/* Begin PBXBuildFile section */
		E25C72E31C3B2D620001813A /* AppDelegate.swift in Sources */ = {isa = PBXBuildFile; fileRef = E25C72E21C3B2D620001813A /* AppDelegate.swift */; };
		E25C72E51C3B2D620001813A /* ViewController.swift in Sources */ = {isa = PBXBuildFile; fileRef = E25C72E41C3B2D620001813A /* ViewController.swift */; };
		E25C72E81C3B2D620001813A /* Main.storyboard in Resources */ = {isa = PBXBuildFile; fileRef = E25C72E61C3B2D620001813A /* Main.storyboard */; };
		E25C72EA1C3B2D620001813A /* Assets.xcassets in Resources */ = {isa = PBXBuildFile; fileRef = E25C72E91C3B2D620001813A /* Assets.xcassets */; };
		E25C72ED1C3B2D620001813A /* LaunchScreen.storyboard in Resources */ = {isa = PBXBuildFile; fileRef = E25C72EB1C3B2D620001813A /* LaunchScreen.storyboard */; };
		E25C72F81C3B2D620001813A /* AudioAdventureSandboxUITests.swift in Sources */ = {isa = PBXBuildFile; fileRef = E25C72F71C3B2D620001813A /* AudioAdventureSandboxUITests.swift */; };
		E2B753E11C3F23F500D58ADB /* Map.swift in Sources */ = {isa = PBXBuildFile; fileRef = E2B753E01C3F23F500D58ADB /* Map.swift */; };
		E2B753E31C3F246C00D58ADB /* Location.swift in Sources */ = {isa = PBXBuildFile; fileRef = E2B753E21C3F246C00D58ADB /* Location.swift */; };
		E2B753E71C3F2B6A00D58ADB /* One.m4a in Resources */ = {isa = PBXBuildFile; fileRef = E2B753E41C3F2B6A00D58ADB /* One.m4a */; };
		E2B753E81C3F2B6A00D58ADB /* Three.m4a in Resources */ = {isa = PBXBuildFile; fileRef = E2B753E51C3F2B6A00D58ADB /* Three.m4a */; };
		E2B753E91C3F2B6A00D58ADB /* Two.m4a in Resources */ = {isa = PBXBuildFile; fileRef = E2B753E61C3F2B6A00D58ADB /* Two.m4a */; };
		E2B753EC1C41635F00D58ADB /* MapBuilder.swift in Sources */ = {isa = PBXBuildFile; fileRef = E2B753EB1C41635F00D58ADB /* MapBuilder.swift */; };
		E2B753F01C416CC800D58ADB /* aa.json in Resources */ = {isa = PBXBuildFile; fileRef = E2B753EF1C416CC800D58ADB /* aa.json */; };
/* End PBXBuildFile section */

/* Begin PBXContainerItemProxy section */
		E25C72F41C3B2D620001813A /* PBXContainerItemProxy */ = {
			isa = PBXContainerItemProxy;
			containerPortal = E25C72D71C3B2D620001813A /* Project object */;
			proxyType = 1;
			remoteGlobalIDString = E25C72DE1C3B2D620001813A;
			remoteInfo = AudioAdventureSandbox;
		};
/* End PBXContainerItemProxy section */

/* Begin PBXFileReference section */
		E25C72DF1C3B2D620001813A /* AudioAdventureSandbox.app */ = {isa = PBXFileReference; explicitFileType = wrapper.application; includeInIndex = 0; path = AudioAdventureSandbox.app; sourceTree = BUILT_PRODUCTS_DIR; };
		E25C72E21C3B2D620001813A /* AppDelegate.swift */ = {isa = PBXFileReference; lastKnownFileType = sourcecode.swift; path = AppDelegate.swift; sourceTree = "<group>"; };
		E25C72E41C3B2D620001813A /* ViewController.swift */ = {isa = PBXFileReference; lastKnownFileType = sourcecode.swift; path = ViewController.swift; sourceTree = "<group>"; };
		E25C72E71C3B2D620001813A /* Base */ = {isa = PBXFileReference; lastKnownFileType = file.storyboard; name = Base; path = Base.lproj/Main.storyboard; sourceTree = "<group>"; };
		E25C72E91C3B2D620001813A /* Assets.xcassets */ = {isa = PBXFileReference; lastKnownFileType = folder.assetcatalog; path = Assets.xcassets; sourceTree = "<group>"; };
		E25C72EC1C3B2D620001813A /* Base */ = {isa = PBXFileReference; lastKnownFileType = file.storyboard; name = Base; path = Base.lproj/LaunchScreen.storyboard; sourceTree = "<group>"; };
		E25C72EE1C3B2D620001813A /* Info.plist */ = {isa = PBXFileReference; lastKnownFileType = text.plist.xml; path = Info.plist; sourceTree = "<group>"; };
		E25C72F31C3B2D620001813A /* AudioAdventureSandboxUITests.xctest */ = {isa = PBXFileReference; explicitFileType = wrapper.cfbundle; includeInIndex = 0; path = AudioAdventureSandboxUITests.xctest; sourceTree = BUILT_PRODUCTS_DIR; };
		E25C72F71C3B2D620001813A /* AudioAdventureSandboxUITests.swift */ = {isa = PBXFileReference; lastKnownFileType = sourcecode.swift; path = AudioAdventureSandboxUITests.swift; sourceTree = "<group>"; };
		E25C72F91C3B2D620001813A /* Info.plist */ = {isa = PBXFileReference; lastKnownFileType = text.plist.xml; path = Info.plist; sourceTree = "<group>"; };
		E2B753E01C3F23F500D58ADB /* Map.swift */ = {isa = PBXFileReference; fileEncoding = 4; lastKnownFileType = sourcecode.swift; path = Map.swift; sourceTree = "<group>"; };
		E2B753E21C3F246C00D58ADB /* Location.swift */ = {isa = PBXFileReference; fileEncoding = 4; lastKnownFileType = sourcecode.swift; path = Location.swift; sourceTree = "<group>"; };
		E2B753E41C3F2B6A00D58ADB /* One.m4a */ = {isa = PBXFileReference; lastKnownFileType = file; path = One.m4a; sourceTree = "<group>"; };
		E2B753E51C3F2B6A00D58ADB /* Three.m4a */ = {isa = PBXFileReference; lastKnownFileType = file; path = Three.m4a; sourceTree = "<group>"; };
		E2B753E61C3F2B6A00D58ADB /* Two.m4a */ = {isa = PBXFileReference; lastKnownFileType = file; path = Two.m4a; sourceTree = "<group>"; };
		E2B753EB1C41635F00D58ADB /* MapBuilder.swift */ = {isa = PBXFileReference; fileEncoding = 4; lastKnownFileType = sourcecode.swift; path = MapBuilder.swift; sourceTree = "<group>"; };
		E2B753EF1C416CC800D58ADB /* aa.json */ = {isa = PBXFileReference; fileEncoding = 4; lastKnownFileType = text.json; path = aa.json; sourceTree = "<group>"; };
/* End PBXFileReference section */

/* Begin PBXFrameworksBuildPhase section */
		E25C72DC1C3B2D620001813A /* Frameworks */ = {
			isa = PBXFrameworksBuildPhase;
			buildActionMask = 2147483647;
			files = (
			);
			runOnlyForDeploymentPostprocessing = 0;
		};
		E25C72F01C3B2D620001813A /* Frameworks */ = {
			isa = PBXFrameworksBuildPhase;
			buildActionMask = 2147483647;
			files = (
			);
			runOnlyForDeploymentPostprocessing = 0;
		};
/* End PBXFrameworksBuildPhase section */

/* Begin PBXGroup section */
		E25C72D61C3B2D620001813A = {
			isa = PBXGroup;
			children = (
				E2B753EF1C416CC800D58ADB /* aa.json */,
				E25C72E11C3B2D620001813A /* AudioAdventureSandbox */,
				E25C72F61C3B2D620001813A /* AudioAdventureSandboxUITests */,
				E25C72E01C3B2D620001813A /* Products */,
			);
			sourceTree = "<group>";
		};
		E25C72E01C3B2D620001813A /* Products */ = {
			isa = PBXGroup;
			children = (
				E25C72DF1C3B2D620001813A /* AudioAdventureSandbox.app */,
				E25C72F31C3B2D620001813A /* AudioAdventureSandboxUITests.xctest */,
			);
			name = Products;
			sourceTree = "<group>";
		};
		E25C72E11C3B2D620001813A /* AudioAdventureSandbox */ = {
			isa = PBXGroup;
			children = (
				E2B753EA1C3F2B7300D58ADB /* Audio */,
				E25C72E21C3B2D620001813A /* AppDelegate.swift */,
				E25C72E41C3B2D620001813A /* ViewController.swift */,
				E2B753E01C3F23F500D58ADB /* Map.swift */,
				E2B753EB1C41635F00D58ADB /* MapBuilder.swift */,
				E2B753E21C3F246C00D58ADB /* Location.swift */,
				E25C72E61C3B2D620001813A /* Main.storyboard */,
				E25C72E91C3B2D620001813A /* Assets.xcassets */,
				E25C72EB1C3B2D620001813A /* LaunchScreen.storyboard */,
				E25C72EE1C3B2D620001813A /* Info.plist */,
			);
			path = AudioAdventureSandbox;
			sourceTree = "<group>";
		};
		E25C72F61C3B2D620001813A /* AudioAdventureSandboxUITests */ = {
			isa = PBXGroup;
			children = (
				E25C72F71C3B2D620001813A /* AudioAdventureSandboxUITests.swift */,
				E25C72F91C3B2D620001813A /* Info.plist */,
			);
			path = AudioAdventureSandboxUITests;
			sourceTree = "<group>";
		};
		E2B753EA1C3F2B7300D58ADB /* Audio */ = {
			isa = PBXGroup;
			children = (
				E2B753E41C3F2B6A00D58ADB /* One.m4a */,
				E2B753E51C3F2B6A00D58ADB /* Three.m4a */,
				E2B753E61C3F2B6A00D58ADB /* Two.m4a */,
			);
			name = Audio;
			sourceTree = "<group>";
		};
/* End PBXGroup section */

/* Begin PBXNativeTarget section */
		E25C72DE1C3B2D620001813A /* AudioAdventureSandbox */ = {
			isa = PBXNativeTarget;
			buildConfigurationList = E25C72FC1C3B2D620001813A /* Build configuration list for PBXNativeTarget "AudioAdventureSandbox" */;
			buildPhases = (
				E25C72DB1C3B2D620001813A /* Sources */,
				E25C72DC1C3B2D620001813A /* Frameworks */,
				E25C72DD1C3B2D620001813A /* Resources */,
			);
			buildRules = (
			);
			dependencies = (
			);
			name = AudioAdventureSandbox;
			productName = AudioAdventureSandbox;
			productReference = E25C72DF1C3B2D620001813A /* AudioAdventureSandbox.app */;
			productType = "com.apple.product-type.application";
		};
		E25C72F21C3B2D620001813A /* AudioAdventureSandboxUITests */ = {
			isa = PBXNativeTarget;
			buildConfigurationList = E25C72FF1C3B2D620001813A /* Build configuration list for PBXNativeTarget "AudioAdventureSandboxUITests" */;
			buildPhases = (
				E25C72EF1C3B2D620001813A /* Sources */,
				E25C72F01C3B2D620001813A /* Frameworks */,
				E25C72F11C3B2D620001813A /* Resources */,
			);
			buildRules = (
			);
			dependencies = (
				E25C72F51C3B2D620001813A /* PBXTargetDependency */,
			);
			name = AudioAdventureSandboxUITests;
			productName = AudioAdventureSandboxUITests;
			productReference = E25C72F31C3B2D620001813A /* AudioAdventureSandboxUITests.xctest */;
			productType = "com.apple.product-type.bundle.ui-testing";
		};
/* End PBXNativeTarget section */

/* Begin PBXProject section */
		E25C72D71C3B2D620001813A /* Project object */ = {
			isa = PBXProject;
			attributes = {
				LastSwiftUpdateCheck = 0720;
				LastUpgradeCheck = 0720;
				ORGANIZATIONNAME = Thomas;
				TargetAttributes = {
					E25C72DE1C3B2D620001813A = {
						CreatedOnToolsVersion = 7.2;
						DevelopmentTeam = 7KUBHAK4BR;
					};
					E25C72F21C3B2D620001813A = {
						CreatedOnToolsVersion = 7.2;
						DevelopmentTeam = 7KUBHAK4BR;
						TestTargetID = E25C72DE1C3B2D620001813A;
					};
				};
			};
			buildConfigurationList = E25C72DA1C3B2D620001813A /* Build configuration list for PBXProject "AudioAdventureSandbox" */;
			compatibilityVersion = "Xcode 3.2";
			developmentRegion = English;
			hasScannedForEncodings = 0;
			knownRegions = (
				en,
				Base,
			);
			mainGroup = E25C72D61C3B2D620001813A;
			productRefGroup = E25C72E01C3B2D620001813A /* Products */;
			projectDirPath = "";
			projectRoot = "";
			targets = (
				E25C72DE1C3B2D620001813A /* AudioAdventureSandbox */,
				E25C72F21C3B2D620001813A /* AudioAdventureSandboxUITests */,
			);
		};
/* End PBXProject section */

/* Begin PBXResourcesBuildPhase section */
		E25C72DD1C3B2D620001813A /* Resources */ = {
			isa = PBXResourcesBuildPhase;
			buildActionMask = 2147483647;
			files = (
				E25C72ED1C3B2D620001813A /* LaunchScreen.storyboard in Resources */,
				E2B753E71C3F2B6A00D58ADB /* One.m4a in Resources */,
				E25C72EA1C3B2D620001813A /* Assets.xcassets in Resources */,
				E2B753F01C416CC800D58ADB /* aa.json in Resources */,
				E2B753E91C3F2B6A00D58ADB /* Two.m4a in Resources */,
				E25C72E81C3B2D620001813A /* Main.storyboard in Resources */,
				E2B753E81C3F2B6A00D58ADB /* Three.m4a in Resources */,
			);
			runOnlyForDeploymentPostprocessing = 0;
		};
		E25C72F11C3B2D620001813A /* Resources */ = {
			isa = PBXResourcesBuildPhase;
			buildActionMask = 2147483647;
			files = (
			);
			runOnlyForDeploymentPostprocessing = 0;
		};
/* End PBXResourcesBuildPhase section */

/* Begin PBXSourcesBuildPhase section */
		E25C72DB1C3B2D620001813A /* Sources */ = {
			isa = PBXSourcesBuildPhase;
			buildActionMask = 2147483647;
			files = (
				E25C72E51C3B2D620001813A /* ViewController.swift in Sources */,
				E2B753E11C3F23F500D58ADB /* Map.swift in Sources */,
				E2B753EC1C41635F00D58ADB /* MapBuilder.swift in Sources */,
				E2B753E31C3F246C00D58ADB /* Location.swift in Sources */,
				E25C72E31C3B2D620001813A /* AppDelegate.swift in Sources */,
			);
			runOnlyForDeploymentPostprocessing = 0;
		};
		E25C72EF1C3B2D620001813A /* Sources */ = {
			isa = PBXSourcesBuildPhase;
			buildActionMask = 2147483647;
			files = (
				E25C72F81C3B2D620001813A /* AudioAdventureSandboxUITests.swift in Sources */,
			);
			runOnlyForDeploymentPostprocessing = 0;
		};
/* End PBXSourcesBuildPhase section */

/* Begin PBXTargetDependency section */
		E25C72F51C3B2D620001813A /* PBXTargetDependency */ = {
			isa = PBXTargetDependency;
			target = E25C72DE1C3B2D620001813A /* AudioAdventureSandbox */;
			targetProxy = E25C72F41C3B2D620001813A /* PBXContainerItemProxy */;
		};
/* End PBXTargetDependency section */

/* Begin PBXVariantGroup section */
		E25C72E61C3B2D620001813A /* Main.storyboard */ = {
			isa = PBXVariantGroup;
			children = (
				E25C72E71C3B2D620001813A /* Base */,
			);
			name = Main.storyboard;
			sourceTree = "<group>";
		};
		E25C72EB1C3B2D620001813A /* LaunchScreen.storyboard */ = {
			isa = PBXVariantGroup;
			children = (
				E25C72EC1C3B2D620001813A /* Base */,
			);
			name = LaunchScreen.storyboard;
			sourceTree = "<group>";
		};
/* End PBXVariantGroup section */

/* Begin XCBuildConfiguration section */
		E25C72FA1C3B2D620001813A /* Debug */ = {
			isa = XCBuildConfiguration;
			buildSettings = {
				ALWAYS_SEARCH_USER_PATHS = NO;
				CLANG_CXX_LANGUAGE_STANDARD = "gnu++0x";
				CLANG_CXX_LIBRARY = "libc++";
				CLANG_ENABLE_MODULES = YES;
				CLANG_ENABLE_OBJC_ARC = YES;
				CLANG_WARN_BOOL_CONVERSION = YES;
				CLANG_WARN_CONSTANT_CONVERSION = YES;
				CLANG_WARN_DIRECT_OBJC_ISA_USAGE = YES_ERROR;
				CLANG_WARN_EMPTY_BODY = YES;
				CLANG_WARN_ENUM_CONVERSION = YES;
				CLANG_WARN_INT_CONVERSION = YES;
				CLANG_WARN_OBJC_ROOT_CLASS = YES_ERROR;
				CLANG_WARN_UNREACHABLE_CODE = YES;
				CLANG_WARN__DUPLICATE_METHOD_MATCH = YES;
				"CODE_SIGN_IDENTITY[sdk=iphoneos*]" = "iPhone Developer";
				COPY_PHASE_STRIP = NO;
				DEBUG_INFORMATION_FORMAT = dwarf;
				ENABLE_STRICT_OBJC_MSGSEND = YES;
				ENABLE_TESTABILITY = YES;
				GCC_C_LANGUAGE_STANDARD = gnu99;
				GCC_DYNAMIC_NO_PIC = NO;
				GCC_NO_COMMON_BLOCKS = YES;
				GCC_OPTIMIZATION_LEVEL = 0;
				GCC_PREPROCESSOR_DEFINITIONS = (
					"DEBUG=1",
					"$(inherited)",
				);
				GCC_WARN_64_TO_32_BIT_CONVERSION = YES;
				GCC_WARN_ABOUT_RETURN_TYPE = YES_ERROR;
				GCC_WARN_UNDECLARED_SELECTOR = YES;
				GCC_WARN_UNINITIALIZED_AUTOS = YES_AGGRESSIVE;
				GCC_WARN_UNUSED_FUNCTION = YES;
				GCC_WARN_UNUSED_VARIABLE = YES;
				IPHONEOS_DEPLOYMENT_TARGET = 9.2;
				MTL_ENABLE_DEBUG_INFO = YES;
				ONLY_ACTIVE_ARCH = YES;
				SDKROOT = iphoneos;
				SWIFT_OPTIMIZATION_LEVEL = "-Onone";
			};
			name = Debug;
		};
		E25C72FB1C3B2D620001813A /* Release */ = {
			isa = XCBuildConfiguration;
			buildSettings = {
				ALWAYS_SEARCH_USER_PATHS = NO;
				CLANG_CXX_LANGUAGE_STANDARD = "gnu++0x";
				CLANG_CXX_LIBRARY = "libc++";
				CLANG_ENABLE_MODULES = YES;
				CLANG_ENABLE_OBJC_ARC = YES;
				CLANG_WARN_BOOL_CONVERSION = YES;
				CLANG_WARN_CONSTANT_CONVERSION = YES;
				CLANG_WARN_DIRECT_OBJC_ISA_USAGE = YES_ERROR;
				CLANG_WARN_EMPTY_BODY = YES;
				CLANG_WARN_ENUM_CONVERSION = YES;
				CLANG_WARN_INT_CONVERSION = YES;
				CLANG_WARN_OBJC_ROOT_CLASS = YES_ERROR;
				CLANG_WARN_UNREACHABLE_CODE = YES;
				CLANG_WARN__DUPLICATE_METHOD_MATCH = YES;
				"CODE_SIGN_IDENTITY[sdk=iphoneos*]" = "iPhone Developer";
				COPY_PHASE_STRIP = NO;
				DEBUG_INFORMATION_FORMAT = "dwarf-with-dsym";
				ENABLE_NS_ASSERTIONS = NO;
				ENABLE_STRICT_OBJC_MSGSEND = YES;
				GCC_C_LANGUAGE_STANDARD = gnu99;
				GCC_NO_COMMON_BLOCKS = YES;
				GCC_WARN_64_TO_32_BIT_CONVERSION = YES;
				GCC_WARN_ABOUT_RETURN_TYPE = YES_ERROR;
				GCC_WARN_UNDECLARED_SELECTOR = YES;
				GCC_WARN_UNINITIALIZED_AUTOS = YES_AGGRESSIVE;
				GCC_WARN_UNUSED_FUNCTION = YES;
				GCC_WARN_UNUSED_VARIABLE = YES;
				IPHONEOS_DEPLOYMENT_TARGET = 9.2;
				MTL_ENABLE_DEBUG_INFO = NO;
				SDKROOT = iphoneos;
				VALIDATE_PRODUCT = YES;
			};
			name = Release;
		};
		E25C72FD1C3B2D620001813A /* Debug */ = {
			isa = XCBuildConfiguration;
			buildSettings = {
				ASSETCATALOG_COMPILER_APPICON_NAME = AppIcon;
				INFOPLIST_FILE = AudioAdventureSandbox/Info.plist;
				LD_RUNPATH_SEARCH_PATHS = "$(inherited) @executable_path/Frameworks";
				PRODUCT_BUNDLE_IDENTIFIER = com.example.AudioAdventureSandbox;
				PRODUCT_NAME = "$(TARGET_NAME)";
			};
			name = Debug;
		};
		E25C72FE1C3B2D620001813A /* Release */ = {
			isa = XCBuildConfiguration;
			buildSettings = {
				ASSETCATALOG_COMPILER_APPICON_NAME = AppIcon;
				INFOPLIST_FILE = AudioAdventureSandbox/Info.plist;
				LD_RUNPATH_SEARCH_PATHS = "$(inherited) @executable_path/Frameworks";
				PRODUCT_BUNDLE_IDENTIFIER = com.example.AudioAdventureSandbox;
				PRODUCT_NAME = "$(TARGET_NAME)";
			};
			name = Release;
		};
		E25C73001C3B2D620001813A /* Debug */ = {
			isa = XCBuildConfiguration;
			buildSettings = {
				INFOPLIST_FILE = AudioAdventureSandboxUITests/Info.plist;
				LD_RUNPATH_SEARCH_PATHS = "$(inherited) @executable_path/Frameworks @loader_path/Frameworks";
				PRODUCT_BUNDLE_IDENTIFIER = com.example.AudioAdventureSandboxUITests;
				PRODUCT_NAME = "$(TARGET_NAME)";
				TEST_TARGET_NAME = AudioAdventureSandbox;
				USES_XCTRUNNER = YES;
			};
			name = Debug;
		};
		E25C73011C3B2D620001813A /* Release */ = {
			isa = XCBuildConfiguration;
			buildSettings = {
				INFOPLIST_FILE = AudioAdventureSandboxUITests/Info.plist;
				LD_RUNPATH_SEARCH_PATHS = "$(inherited) @executable_path/Frameworks @loader_path/Frameworks";
				PRODUCT_BUNDLE_IDENTIFIER = com.example.AudioAdventureSandboxUITests;
				PRODUCT_NAME = "$(TARGET_NAME)";
				TEST_TARGET_NAME = AudioAdventureSandbox;
				USES_XCTRUNNER = YES;
			};
			name = Release;
		};
/* End XCBuildConfiguration section */

/* Begin XCConfigurationList section */
		E25C72DA1C3B2D620001813A /* Build configuration list for PBXProject "AudioAdventureSandbox" */ = {
			isa = XCConfigurationList;
			buildConfigurations = (
				E25C72FA1C3B2D620001813A /* Debug */,
				E25C72FB1C3B2D620001813A /* Release */,
			);
			defaultConfigurationIsVisible = 0;
			defaultConfigurationName = Release;
		};
		E25C72FC1C3B2D620001813A /* Build configuration list for PBXNativeTarget "AudioAdventureSandbox" */ = {
			isa = XCConfigurationList;
			buildConfigurations = (
				E25C72FD1C3B2D620001813A /* Debug */,
				E25C72FE1C3B2D620001813A /* Release */,
			);
			defaultConfigurationIsVisible = 0;
			defaultConfigurationName = Release;
		};
		E25C72FF1C3B2D620001813A /* Build configuration list for PBXNativeTarget "AudioAdventureSandboxUITests" */ = {
			isa = XCConfigurationList;
			buildConfigurations = (
				E25C73001C3B2D620001813A /* Debug */,
				E25C73011C3B2D620001813A /* Release */,
			);
			defaultConfigurationIsVisible = 0;
			defaultConfigurationName = Release;
		};
/* End XCConfigurationList section */
	};
	rootObject = E25C72D71C3B2D620001813A /* Project object */;
}
